
Microsoft Visual Studio Solution File, Format Version 12.00
# Visual Studio Version 17
VisualStudioVersion = 17.13.35806.99
MinimumVisualStudioVersion = 10.0.40219.1
Project("{FAE04EC0-301F-11D3-BF4B-00C04F79EFBC}") = "Assignment", "Assignment\Assignment.csproj", "{B7D5129C-031F-4700-B52A-D0D8307B1DC5}"
EndProject
Project("{FAE04EC0-301F-11D3-BF4B-00C04F79EFBC}") = "Data", "Data\Data.csproj", "{95DFE141-D34A-4A7B-BC3D-57E4A3C63EA2}"
EndProject
Global
	GlobalSection(SolutionConfigurationPlatforms) = preSolution
		Debug|Any CPU = Debug|Any CPU
		Release|Any CPU = Release|Any CPU
	EndGlobalSection
	GlobalSection(ProjectConfigurationPlatforms) = postSolution
		{B7D5129C-031F-4700-B52A-D0D8307B1DC5}.Debug|Any CPU.ActiveCfg = Debug|Any CPU
		{B7D5129C-031F-4700-B52A-D0D8307B1DC5}.Debug|Any CPU.Build.0 = Debug|Any CPU
		{B7D5129C-031F-4700-B52A-D0D8307B1DC5}.Release|Any CPU.ActiveCfg = Release|Any CPU
		{B7D5129C-031F-4700-B52A-D0D8307B1DC5}.Release|Any CPU.Build.0 = Release|Any CPU
		{95DFE141-D34A-4A7B-BC3D-57E4A3C63EA2}.Debug|Any CPU.ActiveCfg = Debug|Any CPU
		{95DFE141-D34A-4A7B-BC3D-57E4A3C63EA2}.Debug|Any CPU.Build.0 = Debug|Any CPU
		{95DFE141-D34A-4A7B-BC3D-57E4A3C63EA2}.Release|Any CPU.ActiveCfg = Release|Any CPU
		{95DFE141-D34A-4A7B-BC3D-57E4A3C63EA2}.Release|Any CPU.Build.0 = Release|Any CPU
	EndGlobalSection
	GlobalSection(SolutionProperties) = preSolution
		HideSolutionNode = FALSE
	EndGlobalSection
	GlobalSection(ExtensibilityGlobals) = postSolution
		SolutionGuid = {83532072-EB75-424D-8C36-DE6DD76E0579}
	EndGlobalSection
EndGlobal
